
Microsoft Visual Studio Solution File, Format Version 12.00
# Visual Studio Version 17
VisualStudioVersion = 17.3.32901.215
MinimumVisualStudioVersion = 10.0.40219.1
Project("{FAE04EC0-301F-11D3-BF4B-00C04F79EFBC}") = "HelloWorld", "HelloWorld\HelloWorld.csproj", "{DF9D1434-08FC-4E15-B7C7-E861A7EDD0BF}"
EndProject
Global
	GlobalSection(SolutionConfigurationPlatforms) = preSolution
		Debug|Any CPU = Debug|Any CPU
		Release|Any CPU = Release|Any CPU
	EndGlobalSection
	GlobalSection(ProjectConfigurationPlatforms) = postSolution
		{DF9D1434-08FC-4E15-B7C7-E861A7EDD0BF}.Debug|Any CPU.ActiveCfg = Debug|Any CPU
		{DF9D1434-08FC-4E15-B7C7-E861A7EDD0BF}.Debug|Any CPU.Build.0 = Debug|Any CPU
		{DF9D1434-08FC-4E15-B7C7-E861A7EDD0BF}.Release|Any CPU.ActiveCfg = Release|Any CPU
		{DF9D1434-08FC-4E15-B7C7-E861A7EDD0BF}.Release|Any CPU.Build.0 = Release|Any CPU
	EndGlobalSection
	GlobalSection(SolutionProperties) = preSolution
		HideSolutionNode = FALSE
	EndGlobalSection
	GlobalSection(ExtensibilityGlobals) = postSolution
		SolutionGuid = {A06672BA-EA3B-4B56-9840-A7028F1330F7}
	EndGlobalSection
EndGlobal
